
Microsoft Visual Studio Solution File, Format Version 12.00
# Visual Studio Version 17
VisualStudioVersion = 17.11.35208.52
MinimumVisualStudioVersion = 10.0.40219.1
Project("{FAE04EC0-301F-11D3-BF4B-00C04F79EFBC}") = "SchoolSchedule", "SchoolSchedule\SchoolSchedule.csproj", "{D9B01293-DA16-43C8-BB07-5A05692A74AB}"
EndProject
Project("{FAE04EC0-301F-11D3-BF4B-00C04F79EFBC}") = "UnitTest_SchoolSchedule", "UnitTest_SchoolSchedule\UnitTest_SchoolSchedule.csproj", "{7204559B-736E-4548-B55A-C24A51339BBA}"
EndProject
Project("{FAE04EC0-301F-11D3-BF4B-00C04F79EFBC}") = "Test_School_xUnit", "Test_School_xUnit\Test_School_xUnit.csproj", "{68B75954-0CF9-48F0-91E9-B64B2E082E2C}"
EndProject
Global
	GlobalSection(SolutionConfigurationPlatforms) = preSolution
		Debug|Any CPU = Debug|Any CPU
		Release|Any CPU = Release|Any CPU
	EndGlobalSection
	GlobalSection(ProjectConfigurationPlatforms) = postSolution
		{D9B01293-DA16-43C8-BB07-5A05692A74AB}.Debug|Any CPU.ActiveCfg = Debug|Any CPU
		{D9B01293-DA16-43C8-BB07-5A05692A74AB}.Debug|Any CPU.Build.0 = Debug|Any CPU
		{D9B01293-DA16-43C8-BB07-5A05692A74AB}.Release|Any CPU.ActiveCfg = Release|Any CPU
		{D9B01293-DA16-43C8-BB07-5A05692A74AB}.Release|Any CPU.Build.0 = Release|Any CPU
		{7204559B-736E-4548-B55A-C24A51339BBA}.Debug|Any CPU.ActiveCfg = Debug|Any CPU
		{7204559B-736E-4548-B55A-C24A51339BBA}.Debug|Any CPU.Build.0 = Debug|Any CPU
		{7204559B-736E-4548-B55A-C24A51339BBA}.Release|Any CPU.ActiveCfg = Release|Any CPU
		{7204559B-736E-4548-B55A-C24A51339BBA}.Release|Any CPU.Build.0 = Release|Any CPU
		{68B75954-0CF9-48F0-91E9-B64B2E082E2C}.Debug|Any CPU.ActiveCfg = Debug|Any CPU
		{68B75954-0CF9-48F0-91E9-B64B2E082E2C}.Debug|Any CPU.Build.0 = Debug|Any CPU
		{68B75954-0CF9-48F0-91E9-B64B2E082E2C}.Release|Any CPU.ActiveCfg = Release|Any CPU
		{68B75954-0CF9-48F0-91E9-B64B2E082E2C}.Release|Any CPU.Build.0 = Release|Any CPU
	EndGlobalSection
	GlobalSection(SolutionProperties) = preSolution
		HideSolutionNode = FALSE
	EndGlobalSection
	GlobalSection(ExtensibilityGlobals) = postSolution
		SolutionGuid = {7D2942BF-B219-4D4A-85B0-71AE7240F5EA}
	EndGlobalSection
EndGlobal
